
Microsoft Visual Studio Solution File, Format Version 12.00
Project("{FAE04EC0-301F-11D3-BF4B-00C04F79EFBC}") = "Cronjure", "Cronjure\Cronjure.csproj", "{A84714F5-9E2B-478D-B872-A79DE0168EEE}"
EndProject
Global
	GlobalSection(SolutionConfigurationPlatforms) = preSolution
		Debug|Any CPU = Debug|Any CPU
		Release|Any CPU = Release|Any CPU
	EndGlobalSection
	GlobalSection(ProjectConfigurationPlatforms) = postSolution
		{A84714F5-9E2B-478D-B872-A79DE0168EEE}.Debug|Any CPU.ActiveCfg = Debug|Any CPU
		{A84714F5-9E2B-478D-B872-A79DE0168EEE}.Debug|Any CPU.Build.0 = Debug|Any CPU
		{A84714F5-9E2B-478D-B872-A79DE0168EEE}.Release|Any CPU.ActiveCfg = Release|Any CPU
		{A84714F5-9E2B-478D-B872-A79DE0168EEE}.Release|Any CPU.Build.0 = Release|Any CPU
	EndGlobalSection
EndGlobal
